// !$*UTF8*$!
{
	archiveVersion = 1;
	classes = {
	};
	objectVersion = 46;
	objects = {

/* Begin PBXBuildFile section */
		C9BA60D61EE6F5B2002B08CD /* board.png in Resources */ = {isa = PBXBuildFile; fileRef = C9BA60D31EE6F5B2002B08CD /* board.png */; };
		C9BA60D71EE6F5B2002B08CD /* cross.png in Resources */ = {isa = PBXBuildFile; fileRef = C9BA60D41EE6F5B2002B08CD /* cross.png */; };
		C9BA60D81EE6F5B2002B08CD /* nought.png in Resources */ = {isa = PBXBuildFile; fileRef = C9BA60D51EE6F5B2002B08CD /* nought.png */; };
		C9BA60DA1EE7174F002B08CD /* tttmarqlrg.gif in Resources */ = {isa = PBXBuildFile; fileRef = C9BA60D91EE7174F002B08CD /* tttmarqlrg.gif */; };
		C9D825A31EE5CD6600D1C5D1 /* AppDelegate.swift in Sources */ = {isa = PBXBuildFile; fileRef = C9D825A21EE5CD6600D1C5D1 /* AppDelegate.swift */; };
		C9D825A51EE5CD6600D1C5D1 /* ViewController.swift in Sources */ = {isa = PBXBuildFile; fileRef = C9D825A41EE5CD6600D1C5D1 /* ViewController.swift */; };
		C9D825A81EE5CD6600D1C5D1 /* Main.storyboard in Resources */ = {isa = PBXBuildFile; fileRef = C9D825A61EE5CD6600D1C5D1 /* Main.storyboard */; };
		C9D825AA1EE5CD6600D1C5D1 /* Assets.xcassets in Resources */ = {isa = PBXBuildFile; fileRef = C9D825A91EE5CD6600D1C5D1 /* Assets.xcassets */; };
		C9D825AD1EE5CD6600D1C5D1 /* LaunchScreen.storyboard in Resources */ = {isa = PBXBuildFile; fileRef = C9D825AB1EE5CD6600D1C5D1 /* LaunchScreen.storyboard */; };
/* End PBXBuildFile section */

/* Begin PBXFileReference section */
		C9BA60D31EE6F5B2002B08CD /* board.png */ = {isa = PBXFileReference; lastKnownFileType = image.png; path = board.png; sourceTree = "<group>"; };
		C9BA60D41EE6F5B2002B08CD /* cross.png */ = {isa = PBXFileReference; lastKnownFileType = image.png; path = cross.png; sourceTree = "<group>"; };
		C9BA60D51EE6F5B2002B08CD /* nought.png */ = {isa = PBXFileReference; lastKnownFileType = image.png; path = nought.png; sourceTree = "<group>"; };
		C9BA60D91EE7174F002B08CD /* tttmarqlrg.gif */ = {isa = PBXFileReference; lastKnownFileType = image.gif; path = tttmarqlrg.gif; sourceTree = "<group>"; };
		C9D8259F1EE5CD6600D1C5D1 /* Tic Tac Toe.app */ = {isa = PBXFileReference; explicitFileType = wrapper.application; includeInIndex = 0; path = "Tic Tac Toe.app"; sourceTree = BUILT_PRODUCTS_DIR; };
		C9D825A21EE5CD6600D1C5D1 /* AppDelegate.swift */ = {isa = PBXFileReference; lastKnownFileType = sourcecode.swift; path = AppDelegate.swift; sourceTree = "<group>"; };
		C9D825A41EE5CD6600D1C5D1 /* ViewController.swift */ = {isa = PBXFileReference; lastKnownFileType = sourcecode.swift; path = ViewController.swift; sourceTree = "<group>"; };
		C9D825A71EE5CD6600D1C5D1 /* Base */ = {isa = PBXFileReference; lastKnownFileType = file.storyboard; name = Base; path = Base.lproj/Main.storyboard; sourceTree = "<group>"; };
		C9D825A91EE5CD6600D1C5D1 /* Assets.xcassets */ = {isa = PBXFileReference; lastKnownFileType = folder.assetcatalog; path = Assets.xcassets; sourceTree = "<group>"; };
		C9D825AC1EE5CD6600D1C5D1 /* Base */ = {isa = PBXFileReference; lastKnownFileType = file.storyboard; name = Base; path = Base.lproj/LaunchScreen.storyboard; sourceTree = "<group>"; };
		C9D825AE1EE5CD6600D1C5D1 /* Info.plist */ = {isa = PBXFileReference; lastKnownFileType = text.plist.xml; path = Info.plist; sourceTree = "<group>"; };
/* End PBXFileReference section */

/* Begin PBXFrameworksBuildPhase section */
		C9D8259C1EE5CD6600D1C5D1 /* Frameworks */ = {
			isa = PBXFrameworksBuildPhase;
			buildActionMask = 2147483647;
			files = (
			);
			runOnlyForDeploymentPostprocessing = 0;
		};
/* End PBXFrameworksBuildPhase section */

/* Begin PBXGroup section */
		C9D825961EE5CD6600D1C5D1 = {
			isa = PBXGroup;
			children = (
				C9D825A11EE5CD6600D1C5D1 /* Tic Tac Toe */,
				C9D825A01EE5CD6600D1C5D1 /* Products */,
			);
			sourceTree = "<group>";
		};
		C9D825A01EE5CD6600D1C5D1 /* Products */ = {
			isa = PBXGroup;
			children = (
				C9D8259F1EE5CD6600D1C5D1 /* Tic Tac Toe.app */,
			);
			name = Products;
			sourceTree = "<group>";
		};
		C9D825A11EE5CD6600D1C5D1 /* Tic Tac Toe */ = {
			isa = PBXGroup;
			children = (
				C9D825A21EE5CD6600D1C5D1 /* AppDelegate.swift */,
				C9D825A41EE5CD6600D1C5D1 /* ViewController.swift */,
				C9D825A61EE5CD6600D1C5D1 /* Main.storyboard */,
				C9D825A91EE5CD6600D1C5D1 /* Assets.xcassets */,
				C9BA60D31EE6F5B2002B08CD /* board.png */,
				C9BA60D91EE7174F002B08CD /* tttmarqlrg.gif */,
				C9BA60D41EE6F5B2002B08CD /* cross.png */,
				C9BA60D51EE6F5B2002B08CD /* nought.png */,
				C9D825AB1EE5CD6600D1C5D1 /* LaunchScreen.storyboard */,
				C9D825AE1EE5CD6600D1C5D1 /* Info.plist */,
			);
			path = "Tic Tac Toe";
			sourceTree = "<group>";
		};
/* End PBXGroup section */

/* Begin PBXNativeTarget section */
		C9D8259E1EE5CD6600D1C5D1 /* Tic Tac Toe */ = {
			isa = PBXNativeTarget;
			buildConfigurationList = C9D825B11EE5CD6600D1C5D1 /* Build configuration list for PBXNativeTarget "Tic Tac Toe" */;
			buildPhases = (
				C9D8259B1EE5CD6600D1C5D1 /* Sources */,
				C9D8259C1EE5CD6600D1C5D1 /* Frameworks */,
				C9D8259D1EE5CD6600D1C5D1 /* Resources */,
			);
			buildRules = (
			);
			dependencies = (
			);
			name = "Tic Tac Toe";
			productName = "Tic Tac Toe";
			productReference = C9D8259F1EE5CD6600D1C5D1 /* Tic Tac Toe.app */;
			productType = "com.apple.product-type.application";
		};
/* End PBXNativeTarget section */

/* Begin PBXProject section */
		C9D825971EE5CD6600D1C5D1 /* Project object */ = {
			isa = PBXProject;
			attributes = {
				LastSwiftUpdateCheck = 0830;
				LastUpgradeCheck = 0830;
				ORGANIZATIONNAME = "Matthew J. Perkins";
				TargetAttributes = {
					C9D8259E1EE5CD6600D1C5D1 = {
						CreatedOnToolsVersion = 8.3.2;
						DevelopmentTeam = 6DW6U2V44H;
						ProvisioningStyle = Automatic;
					};
				};
			};
			buildConfigurationList = C9D8259A1EE5CD6600D1C5D1 /* Build configuration list for PBXProject "Tic Tac Toe" */;
			compatibilityVersion = "Xcode 3.2";
			developmentRegion = English;
			hasScannedForEncodings = 0;
			knownRegions = (
				en,
				Base,
			);
			mainGroup = C9D825961EE5CD6600D1C5D1;
			productRefGroup = C9D825A01EE5CD6600D1C5D1 /* Products */;
			projectDirPath = "";
			projectRoot = "";
			targets = (
				C9D8259E1EE5CD6600D1C5D1 /* Tic Tac Toe */,
			);
		};
/* End PBXProject section */

/* Begin PBXResourcesBuildPhase section */
		C9D8259D1EE5CD6600D1C5D1 /* Resources */ = {
			isa = PBXResourcesBuildPhase;
			buildActionMask = 2147483647;
			files = (
				C9BA60DA1EE7174F002B08CD /* tttmarqlrg.gif in Resources */,
				C9BA60D71EE6F5B2002B08CD /* cross.png in Resources */,
				C9BA60D61EE6F5B2002B08CD /* board.png in Resources */,
				C9BA60D81EE6F5B2002B08CD /* nought.png in Resources */,
				C9D825AD1EE5CD6600D1C5D1 /* LaunchScreen.storyboard in Resources */,
				C9D825AA1EE5CD6600D1C5D1 /* Assets.xcassets in Resources */,
				C9D825A81EE5CD6600D1C5D1 /* Main.storyboard in Resources */,
			);
			runOnlyForDeploymentPostprocessing = 0;
		};
/* End PBXResourcesBuildPhase section */

/* Begin PBXSourcesBuildPhase section */
		C9D8259B1EE5CD6600D1C5D1 /* Sources */ = {
			isa = PBXSourcesBuildPhase;
			buildActionMask = 2147483647;
			files = (
				C9D825A51EE5CD6600D1C5D1 /* ViewController.swift in Sources */,
				C9D825A31EE5CD6600D1C5D1 /* AppDelegate.swift in Sources */,
			);
			runOnlyForDeploymentPostprocessing = 0;
		};
/* End PBXSourcesBuildPhase section */

/* Begin PBXVariantGroup section */
		C9D825A61EE5CD6600D1C5D1 /* Main.storyboard */ = {
			isa = PBXVariantGroup;
			children = (
				C9D825A71EE5CD6600D1C5D1 /* Base */,
			);
			name = Main.storyboard;
			sourceTree = "<group>";
		};
		C9D825AB1EE5CD6600D1C5D1 /* LaunchScreen.storyboard */ = {
			isa = PBXVariantGroup;
			children = (
				C9D825AC1EE5CD6600D1C5D1 /* Base */,
			);
			name = LaunchScreen.storyboard;
			sourceTree = "<group>";
		};
/* End PBXVariantGroup section */

/* Begin XCBuildConfiguration section */
		C9D825AF1EE5CD6600D1C5D1 /* Debug */ = {
			isa = XCBuildConfiguration;
			buildSettings = {
				ALWAYS_SEARCH_USER_PATHS = NO;
				CLANG_ANALYZER_NONNULL = YES;
				CLANG_ANALYZER_NUMBER_OBJECT_CONVERSION = YES_AGGRESSIVE;
				CLANG_CXX_LANGUAGE_STANDARD = "gnu++0x";
				CLANG_CXX_LIBRARY = "libc++";
				CLANG_ENABLE_MODULES = YES;
				CLANG_ENABLE_OBJC_ARC = YES;
				CLANG_WARN_BOOL_CONVERSION = YES;
				CLANG_WARN_CONSTANT_CONVERSION = YES;
				CLANG_WARN_DIRECT_OBJC_ISA_USAGE = YES_ERROR;
				CLANG_WARN_DOCUMENTATION_COMMENTS = YES;
				CLANG_WARN_EMPTY_BODY = YES;
				CLANG_WARN_ENUM_CONVERSION = YES;
				CLANG_WARN_INFINITE_RECURSION = YES;
				CLANG_WARN_INT_CONVERSION = YES;
				CLANG_WARN_OBJC_ROOT_CLASS = YES_ERROR;
				CLANG_WARN_SUSPICIOUS_MOVE = YES;
				CLANG_WARN_UNREACHABLE_CODE = YES;
				CLANG_WARN__DUPLICATE_METHOD_MATCH = YES;
				"CODE_SIGN_IDENTITY[sdk=iphoneos*]" = "iPhone Developer";
				COPY_PHASE_STRIP = NO;
				DEBUG_INFORMATION_FORMAT = dwarf;
				ENABLE_STRICT_OBJC_MSGSEND = YES;
				ENABLE_TESTABILITY = YES;
				GCC_C_LANGUAGE_STANDARD = gnu99;
				GCC_DYNAMIC_NO_PIC = NO;
				GCC_NO_COMMON_BLOCKS = YES;
				GCC_OPTIMIZATION_LEVEL = 0;
				GCC_PREPROCESSOR_DEFINITIONS = (
					"DEBUG=1",
					"$(inherited)",
				);
				GCC_WARN_64_TO_32_BIT_CONVERSION = YES;
				GCC_WARN_ABOUT_RETURN_TYPE = YES_ERROR;
				GCC_WARN_UNDECLARED_SELECTOR = YES;
				GCC_WARN_UNINITIALIZED_AUTOS = YES_AGGRESSIVE;
				GCC_WARN_UNUSED_FUNCTION = YES;
				GCC_WARN_UNUSED_VARIABLE = YES;
				IPHONEOS_DEPLOYMENT_TARGET = 10.3;
				MTL_ENABLE_DEBUG_INFO = YES;
				ONLY_ACTIVE_ARCH = YES;
				SDKROOT = iphoneos;
				SWIFT_ACTIVE_COMPILATION_CONDITIONS = DEBUG;
				SWIFT_OPTIMIZATION_LEVEL = "-Onone";
			};
			name = Debug;
		};
		C9D825B01EE5CD6600D1C5D1 /* Release */ = {
			isa = XCBuildConfiguration;
			buildSettings = {
				ALWAYS_SEARCH_USER_PATHS = NO;
				CLANG_ANALYZER_NONNULL = YES;
				CLANG_ANALYZER_NUMBER_OBJECT_CONVERSION = YES_AGGRESSIVE;
				CLANG_CXX_LANGUAGE_STANDARD = "gnu++0x";
				CLANG_CXX_LIBRARY = "libc++";
				CLANG_ENABLE_MODULES = YES;
				CLANG_ENABLE_OBJC_ARC = YES;
				CLANG_WARN_BOOL_CONVERSION = YES;
				CLANG_WARN_CONSTANT_CONVERSION = YES;
				CLANG_WARN_DIRECT_OBJC_ISA_USAGE = YES_ERROR;
				CLANG_WARN_DOCUMENTATION_COMMENTS = YES;
				CLANG_WARN_EMPTY_BODY = YES;
				CLANG_WARN_ENUM_CONVERSION = YES;
				CLANG_WARN_INFINITE_RECURSION = YES;
				CLANG_WARN_INT_CONVERSION = YES;
				CLANG_WARN_OBJC_ROOT_CLASS = YES_ERROR;
				CLANG_WARN_SUSPICIOUS_MOVE = YES;
				CLANG_WARN_UNREACHABLE_CODE = YES;
				CLANG_WARN__DUPLICATE_METHOD_MATCH = YES;
				"CODE_SIGN_IDENTITY[sdk=iphoneos*]" = "iPhone Developer";
				COPY_PHASE_STRIP = NO;
				DEBUG_INFORMATION_FORMAT = "dwarf-with-dsym";
				ENABLE_NS_ASSERTIONS = NO;
				ENABLE_STRICT_OBJC_MSGSEND = YES;
				GCC_C_LANGUAGE_STANDARD = gnu99;
				GCC_NO_COMMON_BLOCKS = YES;
				GCC_WARN_64_TO_32_BIT_CONVERSION = YES;
				GCC_WARN_ABOUT_RETURN_TYPE = YES_ERROR;
				GCC_WARN_UNDECLARED_SELECTOR = YES;
				GCC_WARN_UNINITIALIZED_AUTOS = YES_AGGRESSIVE;
				GCC_WARN_UNUSED_FUNCTION = YES;
				GCC_WARN_UNUSED_VARIABLE = YES;
				IPHONEOS_DEPLOYMENT_TARGET = 10.3;
				MTL_ENABLE_DEBUG_INFO = NO;
				SDKROOT = iphoneos;
				SWIFT_OPTIMIZATION_LEVEL = "-Owholemodule";
				VALIDATE_PRODUCT = YES;
			};
			name = Release;
		};
		C9D825B21EE5CD6600D1C5D1 /* Debug */ = {
			isa = XCBuildConfiguration;
			buildSettings = {
				ASSETCATALOG_COMPILER_APPICON_NAME = AppIcon;
				DEVELOPMENT_TEAM = 6DW6U2V44H;
				INFOPLIST_FILE = "Tic Tac Toe/Info.plist";
				LD_RUNPATH_SEARCH_PATHS = "$(inherited) @executable_path/Frameworks";
				PRODUCT_BUNDLE_IDENTIFIER = "Perkins.Tic-Tac-Toe";
				PRODUCT_NAME = "$(TARGET_NAME)";
				SWIFT_VERSION = 3.0;
			};
			name = Debug;
		};
		C9D825B31EE5CD6600D1C5D1 /* Release */ = {
			isa = XCBuildConfiguration;
			buildSettings = {
				ASSETCATALOG_COMPILER_APPICON_NAME = AppIcon;
				DEVELOPMENT_TEAM = 6DW6U2V44H;
				INFOPLIST_FILE = "Tic Tac Toe/Info.plist";
				LD_RUNPATH_SEARCH_PATHS = "$(inherited) @executable_path/Frameworks";
				PRODUCT_BUNDLE_IDENTIFIER = "Perkins.Tic-Tac-Toe";
				PRODUCT_NAME = "$(TARGET_NAME)";
				SWIFT_VERSION = 3.0;
			};
			name = Release;
		};
/* End XCBuildConfiguration section */

/* Begin XCConfigurationList section */
		C9D8259A1EE5CD6600D1C5D1 /* Build configuration list for PBXProject "Tic Tac Toe" */ = {
			isa = XCConfigurationList;
			buildConfigurations = (
				C9D825AF1EE5CD6600D1C5D1 /* Debug */,
				C9D825B01EE5CD6600D1C5D1 /* Release */,
			);
			defaultConfigurationIsVisible = 0;
			defaultConfigurationName = Release;
		};
		C9D825B11EE5CD6600D1C5D1 /* Build configuration list for PBXNativeTarget "Tic Tac Toe" */ = {
			isa = XCConfigurationList;
			buildConfigurations = (
				C9D825B21EE5CD6600D1C5D1 /* Debug */,
				C9D825B31EE5CD6600D1C5D1 /* Release */,
			);
			defaultConfigurationIsVisible = 0;
			defaultConfigurationName = Release;
		};
/* End XCConfigurationList section */
	};
	rootObject = C9D825971EE5CD6600D1C5D1 /* Project object */;
}
